
Microsoft Visual Studio Solution File, Format Version 12.00
# Visual Studio Version 17
VisualStudioVersion = 17.10.35122.118
MinimumVisualStudioVersion = 10.0.40219.1
Project("{FAE04EC0-301F-11D3-BF4B-00C04F79EFBC}") = "扫雷", "扫雷.csproj", "{07468205-BDDD-4B1E-A26A-1B69A5790DC9}"
EndProject
Global
	GlobalSection(SolutionConfigurationPlatforms) = preSolution
		Debug|Any CPU = Debug|Any CPU
		Release|Any CPU = Release|Any CPU
	EndGlobalSection
	GlobalSection(ProjectConfigurationPlatforms) = postSolution
		{07468205-BDDD-4B1E-A26A-1B69A5790DC9}.Debug|Any CPU.ActiveCfg = Debug|Any CPU
		{07468205-BDDD-4B1E-A26A-1B69A5790DC9}.Debug|Any CPU.Build.0 = Debug|Any CPU
		{07468205-BDDD-4B1E-A26A-1B69A5790DC9}.Release|Any CPU.ActiveCfg = Release|Any CPU
		{07468205-BDDD-4B1E-A26A-1B69A5790DC9}.Release|Any CPU.Build.0 = Release|Any CPU
	EndGlobalSection
	GlobalSection(SolutionProperties) = preSolution
		HideSolutionNode = FALSE
	EndGlobalSection
	GlobalSection(ExtensibilityGlobals) = postSolution
		SolutionGuid = {29992B15-D793-49A0-ADDF-ACF8E15682FA}
	EndGlobalSection
EndGlobal
