
Microsoft Visual Studio Solution File, Format Version 12.00
# Visual Studio Version 17
VisualStudioVersion = 17.10.35122.118
MinimumVisualStudioVersion = 10.0.40219.1
Project("{9A19103F-16F7-4668-BE54-9A1E7A4F7556}") = "CSharp_September", "CSharp_September.csproj", "{1C36AAE4-CFC2-4971-831B-155F62E6D80E}"
EndProject
Project("{2150E333-8FDC-42A3-9474-1A3956D46DE8}") = "NewFolder1", "NewFolder1", "{D4E473FE-44FF-4635-9C8B-6F7E4A6DD289}"
EndProject
Project("{9A19103F-16F7-4668-BE54-9A1E7A4F7556}") = "9_4", "MyDome\9_4\9_4.csproj", "{CD53AAD7-8D89-4D2F-8B3F-360FF19FF65C}"
EndProject
Project("{9A19103F-16F7-4668-BE54-9A1E7A4F7556}") = "9_4作业", "MyDome\9_4作业\9_4作业.csproj", "{EDD2D453-17AA-4A99-B96F-A95CFE4EEAF4}"
EndProject
Project("{9A19103F-16F7-4668-BE54-9A1E7A4F7556}") = "9_5", "MyDome\9_5\9_5.csproj", "{6B3FE7E1-DF18-4937-9C7D-7335C18FD3F7}"
EndProject
Project("{9A19103F-16F7-4668-BE54-9A1E7A4F7556}") = "9_5作业", "MyDome\9_5作业\9_5作业.csproj", "{366944B1-A68A-4F2D-857A-9ACFA6757405}"
EndProject
Project("{9A19103F-16F7-4668-BE54-9A1E7A4F7556}") = "9_6", "MyDome\9_6\9_6.csproj", "{CE998A07-0241-4C9E-A97E-559D4221DAC2}"
EndProject
Project("{9A19103F-16F7-4668-BE54-9A1E7A4F7556}") = "9_6__9_7作业", "MyDome\9_6__9_7作业\9_6__9_7作业.csproj", "{C0C4E2E7-2DAF-4FB2-A668-8C392DB33840}"
EndProject
Project("{9A19103F-16F7-4668-BE54-9A1E7A4F7556}") = "9_9", "MyDome\9_9\9_9.csproj", "{93F100D3-66AF-4015-B649-3A81F28ECDAA}"
EndProject
Project("{9A19103F-16F7-4668-BE54-9A1E7A4F7556}") = "9_9作业", "MyDome\9_9作业\9_9作业.csproj", "{56EC624D-44D8-41FC-8E00-54D24E677A58}"
EndProject
Project("{9A19103F-16F7-4668-BE54-9A1E7A4F7556}") = "9_10", "MyDome\9_10\9_10.csproj", "{DB369458-0AB6-4FBE-AB83-8A2CD00EB979}"
EndProject
Project("{9A19103F-16F7-4668-BE54-9A1E7A4F7556}") = "9_10作业", "MyDome\9_10作业\9_10作业.csproj", "{30EA3EE4-704F-47DC-B0FE-FD7C6E674F23}"
EndProject
Project("{9A19103F-16F7-4668-BE54-9A1E7A4F7556}") = "9_11", "MyDome\9_11\9_11.csproj", "{F7FA5E90-0D59-4B36-A1E2-6AC030074A6A}"
EndProject
Project("{9A19103F-16F7-4668-BE54-9A1E7A4F7556}") = "唐老师练习dome", "MyDome\唐老师练习dome\唐老师练习dome.csproj", "{C7A8DF83-5ECA-4A99-9822-A82EA670ADEA}"
EndProject
Project("{9A19103F-16F7-4668-BE54-9A1E7A4F7556}") = "9_11作业", "MyDome\9_11作业\9_11作业.csproj", "{A27CC9FB-A8DB-4BBF-BBB5-EDE609A839D4}"
EndProject
Project("{FAE04EC0-301F-11D3-BF4B-00C04F79EFBC}") = "9_12(9_01-9_11复习总结)", "MyDome\9_12(9_01-9_11复习总结)\9_12(9_01-9_11复习总结).csproj", "{D96DD632-B324-4A9F-B344-E25A74C4FFC0}"
EndProject
Project("{FAE04EC0-301F-11D3-BF4B-00C04F79EFBC}") = "9_12作业", "MyDome\9_12作业\9_12作业.csproj", "{D0BC7445-77BA-4D8F-9CAD-59D80EBAF014}"
EndProject
Project("{FAE04EC0-301F-11D3-BF4B-00C04F79EFBC}") = "9_13", "MyDome\9_13\9_13.csproj", "{307E5F54-8A4C-4F69-B211-D1B30A0DA380}"
EndProject
Project("{FAE04EC0-301F-11D3-BF4B-00C04F79EFBC}") = "9_13_ExaminationDome", "MyDome\9_13_ExaminationDome\9_13_ExaminationDome.csproj", "{E34009C9-A4D8-4CCC-AE0C-9163EEBF79B9}"
EndProject
Global
	GlobalSection(SolutionConfigurationPlatforms) = preSolution
		Debug|Any CPU = Debug|Any CPU
		Release|Any CPU = Release|Any CPU
	EndGlobalSection
	GlobalSection(ProjectConfigurationPlatforms) = postSolution
		{1C36AAE4-CFC2-4971-831B-155F62E6D80E}.Debug|Any CPU.ActiveCfg = Debug|Any CPU
		{1C36AAE4-CFC2-4971-831B-155F62E6D80E}.Debug|Any CPU.Build.0 = Debug|Any CPU
		{1C36AAE4-CFC2-4971-831B-155F62E6D80E}.Release|Any CPU.ActiveCfg = Release|Any CPU
		{1C36AAE4-CFC2-4971-831B-155F62E6D80E}.Release|Any CPU.Build.0 = Release|Any CPU
		{CD53AAD7-8D89-4D2F-8B3F-360FF19FF65C}.Debug|Any CPU.ActiveCfg = Debug|Any CPU
		{CD53AAD7-8D89-4D2F-8B3F-360FF19FF65C}.Debug|Any CPU.Build.0 = Debug|Any CPU
		{CD53AAD7-8D89-4D2F-8B3F-360FF19FF65C}.Release|Any CPU.ActiveCfg = Release|Any CPU
		{CD53AAD7-8D89-4D2F-8B3F-360FF19FF65C}.Release|Any CPU.Build.0 = Release|Any CPU
		{EDD2D453-17AA-4A99-B96F-A95CFE4EEAF4}.Debug|Any CPU.ActiveCfg = Debug|Any CPU
		{EDD2D453-17AA-4A99-B96F-A95CFE4EEAF4}.Debug|Any CPU.Build.0 = Debug|Any CPU
		{EDD2D453-17AA-4A99-B96F-A95CFE4EEAF4}.Release|Any CPU.ActiveCfg = Release|Any CPU
		{EDD2D453-17AA-4A99-B96F-A95CFE4EEAF4}.Release|Any CPU.Build.0 = Release|Any CPU
		{6B3FE7E1-DF18-4937-9C7D-7335C18FD3F7}.Debug|Any CPU.ActiveCfg = Debug|Any CPU
		{6B3FE7E1-DF18-4937-9C7D-7335C18FD3F7}.Debug|Any CPU.Build.0 = Debug|Any CPU
		{6B3FE7E1-DF18-4937-9C7D-7335C18FD3F7}.Release|Any CPU.ActiveCfg = Release|Any CPU
		{6B3FE7E1-DF18-4937-9C7D-7335C18FD3F7}.Release|Any CPU.Build.0 = Release|Any CPU
		{366944B1-A68A-4F2D-857A-9ACFA6757405}.Debug|Any CPU.ActiveCfg = Debug|Any CPU
		{366944B1-A68A-4F2D-857A-9ACFA6757405}.Debug|Any CPU.Build.0 = Debug|Any CPU
		{366944B1-A68A-4F2D-857A-9ACFA6757405}.Release|Any CPU.ActiveCfg = Release|Any CPU
		{366944B1-A68A-4F2D-857A-9ACFA6757405}.Release|Any CPU.Build.0 = Release|Any CPU
		{CE998A07-0241-4C9E-A97E-559D4221DAC2}.Debug|Any CPU.ActiveCfg = Debug|Any CPU
		{CE998A07-0241-4C9E-A97E-559D4221DAC2}.Debug|Any CPU.Build.0 = Debug|Any CPU
		{CE998A07-0241-4C9E-A97E-559D4221DAC2}.Release|Any CPU.ActiveCfg = Release|Any CPU
		{CE998A07-0241-4C9E-A97E-559D4221DAC2}.Release|Any CPU.Build.0 = Release|Any CPU
		{C0C4E2E7-2DAF-4FB2-A668-8C392DB33840}.Debug|Any CPU.ActiveCfg = Debug|Any CPU
		{C0C4E2E7-2DAF-4FB2-A668-8C392DB33840}.Debug|Any CPU.Build.0 = Debug|Any CPU
		{C0C4E2E7-2DAF-4FB2-A668-8C392DB33840}.Release|Any CPU.ActiveCfg = Release|Any CPU
		{C0C4E2E7-2DAF-4FB2-A668-8C392DB33840}.Release|Any CPU.Build.0 = Release|Any CPU
		{93F100D3-66AF-4015-B649-3A81F28ECDAA}.Debug|Any CPU.ActiveCfg = Debug|Any CPU
		{93F100D3-66AF-4015-B649-3A81F28ECDAA}.Debug|Any CPU.Build.0 = Debug|Any CPU
		{93F100D3-66AF-4015-B649-3A81F28ECDAA}.Release|Any CPU.ActiveCfg = Release|Any CPU
		{93F100D3-66AF-4015-B649-3A81F28ECDAA}.Release|Any CPU.Build.0 = Release|Any CPU
		{56EC624D-44D8-41FC-8E00-54D24E677A58}.Debug|Any CPU.ActiveCfg = Debug|Any CPU
		{56EC624D-44D8-41FC-8E00-54D24E677A58}.Debug|Any CPU.Build.0 = Debug|Any CPU
		{56EC624D-44D8-41FC-8E00-54D24E677A58}.Release|Any CPU.ActiveCfg = Release|Any CPU
		{56EC624D-44D8-41FC-8E00-54D24E677A58}.Release|Any CPU.Build.0 = Release|Any CPU
		{DB369458-0AB6-4FBE-AB83-8A2CD00EB979}.Debug|Any CPU.ActiveCfg = Debug|Any CPU
		{DB369458-0AB6-4FBE-AB83-8A2CD00EB979}.Debug|Any CPU.Build.0 = Debug|Any CPU
		{DB369458-0AB6-4FBE-AB83-8A2CD00EB979}.Release|Any CPU.ActiveCfg = Release|Any CPU
		{DB369458-0AB6-4FBE-AB83-8A2CD00EB979}.Release|Any CPU.Build.0 = Release|Any CPU
		{30EA3EE4-704F-47DC-B0FE-FD7C6E674F23}.Debug|Any CPU.ActiveCfg = Debug|Any CPU
		{30EA3EE4-704F-47DC-B0FE-FD7C6E674F23}.Debug|Any CPU.Build.0 = Debug|Any CPU
		{30EA3EE4-704F-47DC-B0FE-FD7C6E674F23}.Release|Any CPU.ActiveCfg = Release|Any CPU
		{30EA3EE4-704F-47DC-B0FE-FD7C6E674F23}.Release|Any CPU.Build.0 = Release|Any CPU
		{F7FA5E90-0D59-4B36-A1E2-6AC030074A6A}.Debug|Any CPU.ActiveCfg = Debug|Any CPU
		{F7FA5E90-0D59-4B36-A1E2-6AC030074A6A}.Debug|Any CPU.Build.0 = Debug|Any CPU
		{F7FA5E90-0D59-4B36-A1E2-6AC030074A6A}.Release|Any CPU.ActiveCfg = Release|Any CPU
		{F7FA5E90-0D59-4B36-A1E2-6AC030074A6A}.Release|Any CPU.Build.0 = Release|Any CPU
		{C7A8DF83-5ECA-4A99-9822-A82EA670ADEA}.Debug|Any CPU.ActiveCfg = Debug|Any CPU
		{C7A8DF83-5ECA-4A99-9822-A82EA670ADEA}.Debug|Any CPU.Build.0 = Debug|Any CPU
		{C7A8DF83-5ECA-4A99-9822-A82EA670ADEA}.Release|Any CPU.ActiveCfg = Release|Any CPU
		{C7A8DF83-5ECA-4A99-9822-A82EA670ADEA}.Release|Any CPU.Build.0 = Release|Any CPU
		{A27CC9FB-A8DB-4BBF-BBB5-EDE609A839D4}.Debug|Any CPU.ActiveCfg = Debug|Any CPU
		{A27CC9FB-A8DB-4BBF-BBB5-EDE609A839D4}.Debug|Any CPU.Build.0 = Debug|Any CPU
		{A27CC9FB-A8DB-4BBF-BBB5-EDE609A839D4}.Release|Any CPU.ActiveCfg = Release|Any CPU
		{A27CC9FB-A8DB-4BBF-BBB5-EDE609A839D4}.Release|Any CPU.Build.0 = Release|Any CPU
		{D96DD632-B324-4A9F-B344-E25A74C4FFC0}.Debug|Any CPU.ActiveCfg = Debug|Any CPU
		{D96DD632-B324-4A9F-B344-E25A74C4FFC0}.Debug|Any CPU.Build.0 = Debug|Any CPU
		{D96DD632-B324-4A9F-B344-E25A74C4FFC0}.Release|Any CPU.ActiveCfg = Release|Any CPU
		{D96DD632-B324-4A9F-B344-E25A74C4FFC0}.Release|Any CPU.Build.0 = Release|Any CPU
		{D0BC7445-77BA-4D8F-9CAD-59D80EBAF014}.Debug|Any CPU.ActiveCfg = Debug|Any CPU
		{D0BC7445-77BA-4D8F-9CAD-59D80EBAF014}.Debug|Any CPU.Build.0 = Debug|Any CPU
		{D0BC7445-77BA-4D8F-9CAD-59D80EBAF014}.Release|Any CPU.ActiveCfg = Release|Any CPU
		{D0BC7445-77BA-4D8F-9CAD-59D80EBAF014}.Release|Any CPU.Build.0 = Release|Any CPU
		{307E5F54-8A4C-4F69-B211-D1B30A0DA380}.Debug|Any CPU.ActiveCfg = Debug|Any CPU
		{307E5F54-8A4C-4F69-B211-D1B30A0DA380}.Debug|Any CPU.Build.0 = Debug|Any CPU
		{307E5F54-8A4C-4F69-B211-D1B30A0DA380}.Release|Any CPU.ActiveCfg = Release|Any CPU
		{307E5F54-8A4C-4F69-B211-D1B30A0DA380}.Release|Any CPU.Build.0 = Release|Any CPU
		{E34009C9-A4D8-4CCC-AE0C-9163EEBF79B9}.Debug|Any CPU.ActiveCfg = Debug|Any CPU
		{E34009C9-A4D8-4CCC-AE0C-9163EEBF79B9}.Debug|Any CPU.Build.0 = Debug|Any CPU
		{E34009C9-A4D8-4CCC-AE0C-9163EEBF79B9}.Release|Any CPU.ActiveCfg = Release|Any CPU
		{E34009C9-A4D8-4CCC-AE0C-9163EEBF79B9}.Release|Any CPU.Build.0 = Release|Any CPU
	EndGlobalSection
	GlobalSection(SolutionProperties) = preSolution
		HideSolutionNode = FALSE
	EndGlobalSection
	GlobalSection(NestedProjects) = preSolution
		{CD53AAD7-8D89-4D2F-8B3F-360FF19FF65C} = {D4E473FE-44FF-4635-9C8B-6F7E4A6DD289}
		{EDD2D453-17AA-4A99-B96F-A95CFE4EEAF4} = {D4E473FE-44FF-4635-9C8B-6F7E4A6DD289}
		{6B3FE7E1-DF18-4937-9C7D-7335C18FD3F7} = {D4E473FE-44FF-4635-9C8B-6F7E4A6DD289}
		{366944B1-A68A-4F2D-857A-9ACFA6757405} = {D4E473FE-44FF-4635-9C8B-6F7E4A6DD289}
		{CE998A07-0241-4C9E-A97E-559D4221DAC2} = {D4E473FE-44FF-4635-9C8B-6F7E4A6DD289}
		{C0C4E2E7-2DAF-4FB2-A668-8C392DB33840} = {D4E473FE-44FF-4635-9C8B-6F7E4A6DD289}
		{93F100D3-66AF-4015-B649-3A81F28ECDAA} = {D4E473FE-44FF-4635-9C8B-6F7E4A6DD289}
		{56EC624D-44D8-41FC-8E00-54D24E677A58} = {D4E473FE-44FF-4635-9C8B-6F7E4A6DD289}
		{DB369458-0AB6-4FBE-AB83-8A2CD00EB979} = {D4E473FE-44FF-4635-9C8B-6F7E4A6DD289}
		{30EA3EE4-704F-47DC-B0FE-FD7C6E674F23} = {D4E473FE-44FF-4635-9C8B-6F7E4A6DD289}
		{F7FA5E90-0D59-4B36-A1E2-6AC030074A6A} = {D4E473FE-44FF-4635-9C8B-6F7E4A6DD289}
		{C7A8DF83-5ECA-4A99-9822-A82EA670ADEA} = {D4E473FE-44FF-4635-9C8B-6F7E4A6DD289}
		{A27CC9FB-A8DB-4BBF-BBB5-EDE609A839D4} = {D4E473FE-44FF-4635-9C8B-6F7E4A6DD289}
		{D96DD632-B324-4A9F-B344-E25A74C4FFC0} = {D4E473FE-44FF-4635-9C8B-6F7E4A6DD289}
		{D0BC7445-77BA-4D8F-9CAD-59D80EBAF014} = {D4E473FE-44FF-4635-9C8B-6F7E4A6DD289}
		{307E5F54-8A4C-4F69-B211-D1B30A0DA380} = {D4E473FE-44FF-4635-9C8B-6F7E4A6DD289}
		{E34009C9-A4D8-4CCC-AE0C-9163EEBF79B9} = {D4E473FE-44FF-4635-9C8B-6F7E4A6DD289}
	EndGlobalSection
	GlobalSection(ExtensibilityGlobals) = postSolution
		SolutionGuid = {9CB20707-7C43-4C19-AC3A-A6E9BA52C5F6}
	EndGlobalSection
EndGlobal
