
Microsoft Visual Studio Solution File, Format Version 12.00
# Visual Studio Version 17
VisualStudioVersion = 17.10.34916.146
MinimumVisualStudioVersion = 10.0.40219.1
Project("{FAE04EC0-301F-11D3-BF4B-00C04F79EFBC}") = "昨天作业", "昨天作业\昨天作业.csproj", "{E6E51A24-8C9A-4A56-9DBB-971190DC0C3B}"
EndProject
Project("{FAE04EC0-301F-11D3-BF4B-00C04F79EFBC}") = "昨天作业2", "昨天作业2\昨天作业2.csproj", "{C7CB4961-20AA-4898-A8DC-94319C3B9D19}"
EndProject
Project("{FAE04EC0-301F-11D3-BF4B-00C04F79EFBC}") = "昨天作业3", "昨天作业3\昨天作业3.csproj", "{B28AC893-B42D-4573-BB93-739FAD034306}"
EndProject
Project("{FAE04EC0-301F-11D3-BF4B-00C04F79EFBC}") = "01接口显式实现", "01接口显式实现\01接口显式实现.csproj", "{507E268F-45E3-490D-AD56-E62D9C251EED}"
EndProject
Project("{FAE04EC0-301F-11D3-BF4B-00C04F79EFBC}") = "02泛型", "泛型\02泛型.csproj", "{27B2E470-A07B-47F9-BC63-EE80239199D0}"
EndProject
Project("{FAE04EC0-301F-11D3-BF4B-00C04F79EFBC}") = "03泛型类", "02泛型类\03泛型类.csproj", "{1A6F3F1B-D687-4D16-A169-0E7DC2040C90}"
EndProject
Project("{FAE04EC0-301F-11D3-BF4B-00C04F79EFBC}") = "04泛型约束", "04泛型约束\04泛型约束.csproj", "{E17D9F62-D2B7-4C17-BDB2-8774A1DC6B9B}"
EndProject
Project("{FAE04EC0-301F-11D3-BF4B-00C04F79EFBC}") = "05索引器", "05索引器\05索引器.csproj", "{FC9DB687-D6AD-4F54-99FE-5672D3494732}"
EndProject
Project("{FAE04EC0-301F-11D3-BF4B-00C04F79EFBC}") = "06索引器练习", "06索引器练习\06索引器练习.csproj", "{8C705B5B-BC80-4914-82B7-B04846498B77}"
EndProject
Global
	GlobalSection(SolutionConfigurationPlatforms) = preSolution
		Debug|Any CPU = Debug|Any CPU
		Release|Any CPU = Release|Any CPU
	EndGlobalSection
	GlobalSection(ProjectConfigurationPlatforms) = postSolution
		{E6E51A24-8C9A-4A56-9DBB-971190DC0C3B}.Debug|Any CPU.ActiveCfg = Debug|Any CPU
		{E6E51A24-8C9A-4A56-9DBB-971190DC0C3B}.Debug|Any CPU.Build.0 = Debug|Any CPU
		{E6E51A24-8C9A-4A56-9DBB-971190DC0C3B}.Release|Any CPU.ActiveCfg = Release|Any CPU
		{E6E51A24-8C9A-4A56-9DBB-971190DC0C3B}.Release|Any CPU.Build.0 = Release|Any CPU
		{C7CB4961-20AA-4898-A8DC-94319C3B9D19}.Debug|Any CPU.ActiveCfg = Debug|Any CPU
		{C7CB4961-20AA-4898-A8DC-94319C3B9D19}.Debug|Any CPU.Build.0 = Debug|Any CPU
		{C7CB4961-20AA-4898-A8DC-94319C3B9D19}.Release|Any CPU.ActiveCfg = Release|Any CPU
		{C7CB4961-20AA-4898-A8DC-94319C3B9D19}.Release|Any CPU.Build.0 = Release|Any CPU
		{B28AC893-B42D-4573-BB93-739FAD034306}.Debug|Any CPU.ActiveCfg = Debug|Any CPU
		{B28AC893-B42D-4573-BB93-739FAD034306}.Debug|Any CPU.Build.0 = Debug|Any CPU
		{B28AC893-B42D-4573-BB93-739FAD034306}.Release|Any CPU.ActiveCfg = Release|Any CPU
		{B28AC893-B42D-4573-BB93-739FAD034306}.Release|Any CPU.Build.0 = Release|Any CPU
		{507E268F-45E3-490D-AD56-E62D9C251EED}.Debug|Any CPU.ActiveCfg = Debug|Any CPU
		{507E268F-45E3-490D-AD56-E62D9C251EED}.Debug|Any CPU.Build.0 = Debug|Any CPU
		{507E268F-45E3-490D-AD56-E62D9C251EED}.Release|Any CPU.ActiveCfg = Release|Any CPU
		{507E268F-45E3-490D-AD56-E62D9C251EED}.Release|Any CPU.Build.0 = Release|Any CPU
		{27B2E470-A07B-47F9-BC63-EE80239199D0}.Debug|Any CPU.ActiveCfg = Debug|Any CPU
		{27B2E470-A07B-47F9-BC63-EE80239199D0}.Debug|Any CPU.Build.0 = Debug|Any CPU
		{27B2E470-A07B-47F9-BC63-EE80239199D0}.Release|Any CPU.ActiveCfg = Release|Any CPU
		{27B2E470-A07B-47F9-BC63-EE80239199D0}.Release|Any CPU.Build.0 = Release|Any CPU
		{1A6F3F1B-D687-4D16-A169-0E7DC2040C90}.Debug|Any CPU.ActiveCfg = Debug|Any CPU
		{1A6F3F1B-D687-4D16-A169-0E7DC2040C90}.Debug|Any CPU.Build.0 = Debug|Any CPU
		{1A6F3F1B-D687-4D16-A169-0E7DC2040C90}.Release|Any CPU.ActiveCfg = Release|Any CPU
		{1A6F3F1B-D687-4D16-A169-0E7DC2040C90}.Release|Any CPU.Build.0 = Release|Any CPU
		{E17D9F62-D2B7-4C17-BDB2-8774A1DC6B9B}.Debug|Any CPU.ActiveCfg = Debug|Any CPU
		{E17D9F62-D2B7-4C17-BDB2-8774A1DC6B9B}.Debug|Any CPU.Build.0 = Debug|Any CPU
		{E17D9F62-D2B7-4C17-BDB2-8774A1DC6B9B}.Release|Any CPU.ActiveCfg = Release|Any CPU
		{E17D9F62-D2B7-4C17-BDB2-8774A1DC6B9B}.Release|Any CPU.Build.0 = Release|Any CPU
		{FC9DB687-D6AD-4F54-99FE-5672D3494732}.Debug|Any CPU.ActiveCfg = Debug|Any CPU
		{FC9DB687-D6AD-4F54-99FE-5672D3494732}.Debug|Any CPU.Build.0 = Debug|Any CPU
		{FC9DB687-D6AD-4F54-99FE-5672D3494732}.Release|Any CPU.ActiveCfg = Release|Any CPU
		{FC9DB687-D6AD-4F54-99FE-5672D3494732}.Release|Any CPU.Build.0 = Release|Any CPU
		{8C705B5B-BC80-4914-82B7-B04846498B77}.Debug|Any CPU.ActiveCfg = Debug|Any CPU
		{8C705B5B-BC80-4914-82B7-B04846498B77}.Debug|Any CPU.Build.0 = Debug|Any CPU
		{8C705B5B-BC80-4914-82B7-B04846498B77}.Release|Any CPU.ActiveCfg = Release|Any CPU
		{8C705B5B-BC80-4914-82B7-B04846498B77}.Release|Any CPU.Build.0 = Release|Any CPU
	EndGlobalSection
	GlobalSection(SolutionProperties) = preSolution
		HideSolutionNode = FALSE
	EndGlobalSection
	GlobalSection(ExtensibilityGlobals) = postSolution
		SolutionGuid = {140B0F5B-93F1-4DE0-8371-ED35A035E96E}
	EndGlobalSection
EndGlobal
