
Microsoft Visual Studio Solution File, Format Version 12.00
# Visual Studio Version 17
VisualStudioVersion = 17.10.35122.118
MinimumVisualStudioVersion = 10.0.40219.1
Project("{FAE04EC0-301F-11D3-BF4B-00C04F79EFBC}") = "计算器", "计算器.csproj", "{6BBE4DED-0F3C-49DF-BD58-DD04DB96A324}"
EndProject
Global
	GlobalSection(SolutionConfigurationPlatforms) = preSolution
		Debug|Any CPU = Debug|Any CPU
		Release|Any CPU = Release|Any CPU
	EndGlobalSection
	GlobalSection(ProjectConfigurationPlatforms) = postSolution
		{6BBE4DED-0F3C-49DF-BD58-DD04DB96A324}.Debug|Any CPU.ActiveCfg = Debug|Any CPU
		{6BBE4DED-0F3C-49DF-BD58-DD04DB96A324}.Debug|Any CPU.Build.0 = Debug|Any CPU
		{6BBE4DED-0F3C-49DF-BD58-DD04DB96A324}.Release|Any CPU.ActiveCfg = Release|Any CPU
		{6BBE4DED-0F3C-49DF-BD58-DD04DB96A324}.Release|Any CPU.Build.0 = Release|Any CPU
	EndGlobalSection
	GlobalSection(SolutionProperties) = preSolution
		HideSolutionNode = FALSE
	EndGlobalSection
	GlobalSection(ExtensibilityGlobals) = postSolution
		SolutionGuid = {E19BD9E0-077C-4AC3-AA73-224988561E01}
	EndGlobalSection
EndGlobal
