
Microsoft Visual Studio Solution File, Format Version 12.00
# Visual Studio Version 17
VisualStudioVersion = 17.7.34031.279
MinimumVisualStudioVersion = 10.0.40219.1
Project("{FAE04EC0-301F-11D3-BF4B-00C04F79EFBC}") = "考试", "考试\考试.csproj", "{1BA23641-560F-4902-8CF4-EE354A829A7D}"
EndProject
Global
	GlobalSection(SolutionConfigurationPlatforms) = preSolution
		Debug|Any CPU = Debug|Any CPU
		Release|Any CPU = Release|Any CPU
	EndGlobalSection
	GlobalSection(ProjectConfigurationPlatforms) = postSolution
		{1BA23641-560F-4902-8CF4-EE354A829A7D}.Debug|Any CPU.ActiveCfg = Debug|Any CPU
		{1BA23641-560F-4902-8CF4-EE354A829A7D}.Debug|Any CPU.Build.0 = Debug|Any CPU
		{1BA23641-560F-4902-8CF4-EE354A829A7D}.Release|Any CPU.ActiveCfg = Release|Any CPU
		{1BA23641-560F-4902-8CF4-EE354A829A7D}.Release|Any CPU.Build.0 = Release|Any CPU
	EndGlobalSection
	GlobalSection(SolutionProperties) = preSolution
		HideSolutionNode = FALSE
	EndGlobalSection
	GlobalSection(ExtensibilityGlobals) = postSolution
		SolutionGuid = {4A4B20A1-23CB-4507-A7CC-9350B9D01097}
	EndGlobalSection
EndGlobal
