
Microsoft Visual Studio Solution File, Format Version 12.00
# Visual Studio Version 17
VisualStudioVersion = 17.10.34916.146
MinimumVisualStudioVersion = 10.0.40219.1
Project("{FAE04EC0-301F-11D3-BF4B-00C04F79EFBC}") = "周六作业1", "周六作业1\周六作业1.csproj", "{0332C781-6159-4FF9-9DCB-DC629112D357}"
EndProject
Project("{FAE04EC0-301F-11D3-BF4B-00C04F79EFBC}") = "周六作业2", "周六作业2\周六作业2.csproj", "{03F70B49-B875-4A2D-8808-25041F23BF93}"
EndProject
Global
	GlobalSection(SolutionConfigurationPlatforms) = preSolution
		Debug|Any CPU = Debug|Any CPU
		Release|Any CPU = Release|Any CPU
	EndGlobalSection
	GlobalSection(ProjectConfigurationPlatforms) = postSolution
		{0332C781-6159-4FF9-9DCB-DC629112D357}.Debug|Any CPU.ActiveCfg = Debug|Any CPU
		{0332C781-6159-4FF9-9DCB-DC629112D357}.Debug|Any CPU.Build.0 = Debug|Any CPU
		{0332C781-6159-4FF9-9DCB-DC629112D357}.Release|Any CPU.ActiveCfg = Release|Any CPU
		{0332C781-6159-4FF9-9DCB-DC629112D357}.Release|Any CPU.Build.0 = Release|Any CPU
		{03F70B49-B875-4A2D-8808-25041F23BF93}.Debug|Any CPU.ActiveCfg = Debug|Any CPU
		{03F70B49-B875-4A2D-8808-25041F23BF93}.Debug|Any CPU.Build.0 = Debug|Any CPU
		{03F70B49-B875-4A2D-8808-25041F23BF93}.Release|Any CPU.ActiveCfg = Release|Any CPU
		{03F70B49-B875-4A2D-8808-25041F23BF93}.Release|Any CPU.Build.0 = Release|Any CPU
	EndGlobalSection
	GlobalSection(SolutionProperties) = preSolution
		HideSolutionNode = FALSE
	EndGlobalSection
	GlobalSection(ExtensibilityGlobals) = postSolution
		SolutionGuid = {AAFCA475-54CB-47F9-A2D6-D5A8496787C7}
	EndGlobalSection
EndGlobal
