
Microsoft Visual Studio Solution File, Format Version 12.00
# Visual Studio Version 17
VisualStudioVersion = 17.10.35122.118
MinimumVisualStudioVersion = 10.0.40219.1
Project("{FAE04EC0-301F-11D3-BF4B-00C04F79EFBC}") = "考试", "考试\考试.csproj", "{38FB5427-A2D8-4520-A34C-1E14855AA1F9}"
EndProject
Global
	GlobalSection(SolutionConfigurationPlatforms) = preSolution
		Debug|Any CPU = Debug|Any CPU
		Release|Any CPU = Release|Any CPU
	EndGlobalSection
	GlobalSection(ProjectConfigurationPlatforms) = postSolution
		{38FB5427-A2D8-4520-A34C-1E14855AA1F9}.Debug|Any CPU.ActiveCfg = Debug|Any CPU
		{38FB5427-A2D8-4520-A34C-1E14855AA1F9}.Debug|Any CPU.Build.0 = Debug|Any CPU
		{38FB5427-A2D8-4520-A34C-1E14855AA1F9}.Release|Any CPU.ActiveCfg = Release|Any CPU
		{38FB5427-A2D8-4520-A34C-1E14855AA1F9}.Release|Any CPU.Build.0 = Release|Any CPU
	EndGlobalSection
	GlobalSection(SolutionProperties) = preSolution
		HideSolutionNode = FALSE
	EndGlobalSection
	GlobalSection(ExtensibilityGlobals) = postSolution
		SolutionGuid = {BE9C9B93-75B6-490F-9A00-9161CF3845D6}
	EndGlobalSection
EndGlobal
