
Microsoft Visual Studio Solution File, Format Version 12.00
# Visual Studio Version 17
VisualStudioVersion = 17.10.35122.118
MinimumVisualStudioVersion = 10.0.40219.1
Project("{FAE04EC0-301F-11D3-BF4B-00C04F79EFBC}") = "9_25作业", "9_25作业.csproj", "{972F405F-B87C-444C-9968-6395004BCECE}"
EndProject
Global
	GlobalSection(SolutionConfigurationPlatforms) = preSolution
		Debug|Any CPU = Debug|Any CPU
		Release|Any CPU = Release|Any CPU
	EndGlobalSection
	GlobalSection(ProjectConfigurationPlatforms) = postSolution
		{972F405F-B87C-444C-9968-6395004BCECE}.Debug|Any CPU.ActiveCfg = Debug|Any CPU
		{972F405F-B87C-444C-9968-6395004BCECE}.Debug|Any CPU.Build.0 = Debug|Any CPU
		{972F405F-B87C-444C-9968-6395004BCECE}.Release|Any CPU.ActiveCfg = Release|Any CPU
		{972F405F-B87C-444C-9968-6395004BCECE}.Release|Any CPU.Build.0 = Release|Any CPU
	EndGlobalSection
	GlobalSection(SolutionProperties) = preSolution
		HideSolutionNode = FALSE
	EndGlobalSection
	GlobalSection(ExtensibilityGlobals) = postSolution
		SolutionGuid = {D07D58CC-FE8D-41CB-86F0-CC41F1828B4D}
	EndGlobalSection
EndGlobal
