
Microsoft Visual Studio Solution File, Format Version 12.00
# Visual Studio Version 16
VisualStudioVersion = 16.0.35130.168
MinimumVisualStudioVersion = 10.0.40219.1
Project("{FAE04EC0-301F-11D3-BF4B-00C04F79EFBC}") = "ConsoleApp1", "ConsoleApp1\ConsoleApp1.csproj", "{348D71AB-19AD-49CD-B572-710309AD6C7A}"
EndProject
Global
	GlobalSection(SolutionConfigurationPlatforms) = preSolution
		Debug|Any CPU = Debug|Any CPU
		Release|Any CPU = Release|Any CPU
	EndGlobalSection
	GlobalSection(ProjectConfigurationPlatforms) = postSolution
		{348D71AB-19AD-49CD-B572-710309AD6C7A}.Debug|Any CPU.ActiveCfg = Debug|Any CPU
		{348D71AB-19AD-49CD-B572-710309AD6C7A}.Debug|Any CPU.Build.0 = Debug|Any CPU
		{348D71AB-19AD-49CD-B572-710309AD6C7A}.Release|Any CPU.ActiveCfg = Release|Any CPU
		{348D71AB-19AD-49CD-B572-710309AD6C7A}.Release|Any CPU.Build.0 = Release|Any CPU
	EndGlobalSection
	GlobalSection(SolutionProperties) = preSolution
		HideSolutionNode = FALSE
	EndGlobalSection
	GlobalSection(ExtensibilityGlobals) = postSolution
		SolutionGuid = {93839961-E408-446A-B8C7-0DB006B77DE7}
	EndGlobalSection
EndGlobal
