
Microsoft Visual Studio Solution File, Format Version 12.00
# Visual Studio Version 17
VisualStudioVersion = 17.10.34916.146
MinimumVisualStudioVersion = 10.0.40219.1
Project("{FAE04EC0-301F-11D3-BF4B-00C04F79EFBC}") = "01初识winfrom", "01初识winfrom\01初识winfrom.csproj", "{BCAA2F66-F54B-4268-BBF9-2DD14C17CC49}"
EndProject
Project("{FAE04EC0-301F-11D3-BF4B-00C04F79EFBC}") = "02获取属性", "02获取属性\02获取属性.csproj", "{26B8354F-CED0-4999-978E-F24BB441F9D9}"
EndProject
Project("{FAE04EC0-301F-11D3-BF4B-00C04F79EFBC}") = "03登录程序", "03登录程序\03登录程序.csproj", "{0669F8FC-0AAA-43B8-AD0F-4CEDD8A853F1}"
EndProject
Project("{FAE04EC0-301F-11D3-BF4B-00C04F79EFBC}") = "04Timer", "04Timer\04Timer.csproj", "{7BF4279F-3B01-441E-B6B5-F89D01B3D3C6}"
EndProject
Project("{FAE04EC0-301F-11D3-BF4B-00C04F79EFBC}") = "05PictureBox", "05PictureBox\05PictureBox.csproj", "{AE315FB9-BB56-4586-AF82-BD2B522BDDD8}"
EndProject
Global
	GlobalSection(SolutionConfigurationPlatforms) = preSolution
		Debug|Any CPU = Debug|Any CPU
		Release|Any CPU = Release|Any CPU
	EndGlobalSection
	GlobalSection(ProjectConfigurationPlatforms) = postSolution
		{BCAA2F66-F54B-4268-BBF9-2DD14C17CC49}.Debug|Any CPU.ActiveCfg = Debug|Any CPU
		{BCAA2F66-F54B-4268-BBF9-2DD14C17CC49}.Debug|Any CPU.Build.0 = Debug|Any CPU
		{BCAA2F66-F54B-4268-BBF9-2DD14C17CC49}.Release|Any CPU.ActiveCfg = Release|Any CPU
		{BCAA2F66-F54B-4268-BBF9-2DD14C17CC49}.Release|Any CPU.Build.0 = Release|Any CPU
		{26B8354F-CED0-4999-978E-F24BB441F9D9}.Debug|Any CPU.ActiveCfg = Debug|Any CPU
		{26B8354F-CED0-4999-978E-F24BB441F9D9}.Debug|Any CPU.Build.0 = Debug|Any CPU
		{26B8354F-CED0-4999-978E-F24BB441F9D9}.Release|Any CPU.ActiveCfg = Release|Any CPU
		{26B8354F-CED0-4999-978E-F24BB441F9D9}.Release|Any CPU.Build.0 = Release|Any CPU
		{0669F8FC-0AAA-43B8-AD0F-4CEDD8A853F1}.Debug|Any CPU.ActiveCfg = Debug|Any CPU
		{0669F8FC-0AAA-43B8-AD0F-4CEDD8A853F1}.Debug|Any CPU.Build.0 = Debug|Any CPU
		{0669F8FC-0AAA-43B8-AD0F-4CEDD8A853F1}.Release|Any CPU.ActiveCfg = Release|Any CPU
		{0669F8FC-0AAA-43B8-AD0F-4CEDD8A853F1}.Release|Any CPU.Build.0 = Release|Any CPU
		{7BF4279F-3B01-441E-B6B5-F89D01B3D3C6}.Debug|Any CPU.ActiveCfg = Debug|Any CPU
		{7BF4279F-3B01-441E-B6B5-F89D01B3D3C6}.Debug|Any CPU.Build.0 = Debug|Any CPU
		{7BF4279F-3B01-441E-B6B5-F89D01B3D3C6}.Release|Any CPU.ActiveCfg = Release|Any CPU
		{7BF4279F-3B01-441E-B6B5-F89D01B3D3C6}.Release|Any CPU.Build.0 = Release|Any CPU
		{AE315FB9-BB56-4586-AF82-BD2B522BDDD8}.Debug|Any CPU.ActiveCfg = Debug|Any CPU
		{AE315FB9-BB56-4586-AF82-BD2B522BDDD8}.Debug|Any CPU.Build.0 = Debug|Any CPU
		{AE315FB9-BB56-4586-AF82-BD2B522BDDD8}.Release|Any CPU.ActiveCfg = Release|Any CPU
		{AE315FB9-BB56-4586-AF82-BD2B522BDDD8}.Release|Any CPU.Build.0 = Release|Any CPU
	EndGlobalSection
	GlobalSection(SolutionProperties) = preSolution
		HideSolutionNode = FALSE
	EndGlobalSection
	GlobalSection(ExtensibilityGlobals) = postSolution
		SolutionGuid = {BBF80CCA-6F84-40C7-AB66-1E2951B614C1}
	EndGlobalSection
EndGlobal
