
Microsoft Visual Studio Solution File, Format Version 12.00
# Visual Studio Version 17
VisualStudioVersion = 17.10.34916.146
MinimumVisualStudioVersion = 10.0.40219.1
Project("{FAE04EC0-301F-11D3-BF4B-00C04F79EFBC}") = "昨天作业1", "昨天作业1\昨天作业1.csproj", "{86D2C86A-90E3-4F22-9964-D02172148CE0}"
EndProject
Project("{FAE04EC0-301F-11D3-BF4B-00C04F79EFBC}") = "昨天作业2", "昨天作业2\昨天作业2.csproj", "{F35DC18D-70E1-4746-AE2C-5DFB3B514F3E}"
EndProject
Global
	GlobalSection(SolutionConfigurationPlatforms) = preSolution
		Debug|Any CPU = Debug|Any CPU
		Release|Any CPU = Release|Any CPU
	EndGlobalSection
	GlobalSection(ProjectConfigurationPlatforms) = postSolution
		{86D2C86A-90E3-4F22-9964-D02172148CE0}.Debug|Any CPU.ActiveCfg = Debug|Any CPU
		{86D2C86A-90E3-4F22-9964-D02172148CE0}.Debug|Any CPU.Build.0 = Debug|Any CPU
		{86D2C86A-90E3-4F22-9964-D02172148CE0}.Release|Any CPU.ActiveCfg = Release|Any CPU
		{86D2C86A-90E3-4F22-9964-D02172148CE0}.Release|Any CPU.Build.0 = Release|Any CPU
		{F35DC18D-70E1-4746-AE2C-5DFB3B514F3E}.Debug|Any CPU.ActiveCfg = Debug|Any CPU
		{F35DC18D-70E1-4746-AE2C-5DFB3B514F3E}.Debug|Any CPU.Build.0 = Debug|Any CPU
		{F35DC18D-70E1-4746-AE2C-5DFB3B514F3E}.Release|Any CPU.ActiveCfg = Release|Any CPU
		{F35DC18D-70E1-4746-AE2C-5DFB3B514F3E}.Release|Any CPU.Build.0 = Release|Any CPU
	EndGlobalSection
	GlobalSection(SolutionProperties) = preSolution
		HideSolutionNode = FALSE
	EndGlobalSection
	GlobalSection(ExtensibilityGlobals) = postSolution
		SolutionGuid = {183B2CE9-2E89-460D-BEB0-6A5BEF2AA9D0}
	EndGlobalSection
EndGlobal
