
Microsoft Visual Studio Solution File, Format Version 12.00
# Visual Studio Version 17
VisualStudioVersion = 17.10.35122.118
MinimumVisualStudioVersion = 10.0.40219.1
Project("{FAE04EC0-301F-11D3-BF4B-00C04F79EFBC}") = "9_20-9_21作业", "9_20-9_21作业.csproj", "{3A908EB0-3807-4685-821B-1FA4183616F1}"
EndProject
Global
	GlobalSection(SolutionConfigurationPlatforms) = preSolution
		Debug|Any CPU = Debug|Any CPU
		Release|Any CPU = Release|Any CPU
	EndGlobalSection
	GlobalSection(ProjectConfigurationPlatforms) = postSolution
		{3A908EB0-3807-4685-821B-1FA4183616F1}.Debug|Any CPU.ActiveCfg = Debug|Any CPU
		{3A908EB0-3807-4685-821B-1FA4183616F1}.Debug|Any CPU.Build.0 = Debug|Any CPU
		{3A908EB0-3807-4685-821B-1FA4183616F1}.Release|Any CPU.ActiveCfg = Release|Any CPU
		{3A908EB0-3807-4685-821B-1FA4183616F1}.Release|Any CPU.Build.0 = Release|Any CPU
	EndGlobalSection
	GlobalSection(SolutionProperties) = preSolution
		HideSolutionNode = FALSE
	EndGlobalSection
	GlobalSection(ExtensibilityGlobals) = postSolution
		SolutionGuid = {D9E6FDA5-8E23-476E-BEAF-6D420E0D4DDA}
	EndGlobalSection
EndGlobal
